
Microsoft Visual Studio Solution File, Format Version 12.00
# Visual Studio 2013
VisualStudioVersion = 12.0.30110.0
MinimumVisualStudioVersion = 10.0.40219.1
Project("{FAE04EC0-301F-11D3-BF4B-00C04F79EFBC}") = "CSharpFutureFeatures", "CSharpFutureFeatures\CSharpFutureFeatures.csproj", "{D3465319-AC54-4B00-A316-22A080ED1308}"
EndProject
Project("{F184B08F-C81C-45F6-A57F-5ABD9991F28F}") = "VisualBasicFutureFeatures", "VisualBasicFutureFeatures\VisualBasicFutureFeatures.vbproj", "{C6510018-961A-4C05-993D-11032BDFC1A0}"
EndProject
Global
	GlobalSection(SolutionConfigurationPlatforms) = preSolution
		Debug|Any CPU = Debug|Any CPU
		Release|Any CPU = Release|Any CPU
	EndGlobalSection
	GlobalSection(ProjectConfigurationPlatforms) = postSolution
		{D3465319-AC54-4B00-A316-22A080ED1308}.Debug|Any CPU.ActiveCfg = Debug|Any CPU
		{D3465319-AC54-4B00-A316-22A080ED1308}.Debug|Any CPU.Build.0 = Debug|Any CPU
		{D3465319-AC54-4B00-A316-22A080ED1308}.Release|Any CPU.ActiveCfg = Release|Any CPU
		{D3465319-AC54-4B00-A316-22A080ED1308}.Release|Any CPU.Build.0 = Release|Any CPU
		{C6510018-961A-4C05-993D-11032BDFC1A0}.Debug|Any CPU.ActiveCfg = Debug|Any CPU
		{C6510018-961A-4C05-993D-11032BDFC1A0}.Debug|Any CPU.Build.0 = Debug|Any CPU
		{C6510018-961A-4C05-993D-11032BDFC1A0}.Release|Any CPU.ActiveCfg = Release|Any CPU
		{C6510018-961A-4C05-993D-11032BDFC1A0}.Release|Any CPU.Build.0 = Release|Any CPU
	EndGlobalSection
	GlobalSection(SolutionProperties) = preSolution
		HideSolutionNode = FALSE
	EndGlobalSection
EndGlobal
